
Microsoft Visual Studio Solution File, Format Version 12.00
# Visual Studio 2013
VisualStudioVersion = 12.0.31101.0
MinimumVisualStudioVersion = 10.0.40219.1
Project("{8BC9CEB8-8B4A-11D0-8D11-00A0C91BC942}") = "cyclops", "cyclops\cyclops.vcxproj", "{2505ED70-CC0F-4427-A2C6-26F11F925E13}"
	ProjectSection(ProjectDependencies) = postProject
		{DDDBD07D-DC76-4AF6-8D02-3E2DEB6EE255} = {DDDBD07D-DC76-4AF6-8D02-3E2DEB6EE255}
		{81CE8DAF-EBB2-4761-8E45-B71ABCCA8C68} = {81CE8DAF-EBB2-4761-8E45-B71ABCCA8C68}
		{DA956FD3-E142-46F2-9DD5-C78BEBB56B7A} = {DA956FD3-E142-46F2-9DD5-C78BEBB56B7A}
		{9819B4D5-2F85-4349-8159-E3A64CF97DC1} = {9819B4D5-2F85-4349-8159-E3A64CF97DC1}
	EndProjectSection
EndProject
Project("{8BC9CEB8-8B4A-11D0-8D11-00A0C91BC942}") = "live555", "cyclops\external\live555\live555.vcxproj", "{9819B4D5-2F85-4349-8159-E3A64CF97DC1}"
EndProject
Project("{8BC9CEB8-8B4A-11D0-8D11-00A0C91BC942}") = "SDL2", "cyclops\external\SDL2-2.0.3\VisualC\SDL\SDL_VS2013.vcxproj", "{81CE8DAF-EBB2-4761-8E45-B71ABCCA8C68}"
EndProject
Project("{8BC9CEB8-8B4A-11D0-8D11-00A0C91BC942}") = "SDL2main", "cyclops\external\SDL2-2.0.3\VisualC\SDLmain\SDLmain_VS2013.vcxproj", "{DA956FD3-E142-46F2-9DD5-C78BEBB56B7A}"
EndProject
Project("{8BC9CEB8-8B4A-11D0-8D11-00A0C91BC942}") = "SDL2_ttf", "cyclops\external\SDL2_ttf-2.0.12\VisualC\SDL_ttf_VS2012.vcxproj", "{DDDBD07D-DC76-4AF6-8D02-3E2DEB6EE255}"
EndProject
Global
	GlobalSection(SolutionConfigurationPlatforms) = preSolution
		Debug Multithreaded|Any CPU = Debug Multithreaded|Any CPU
		Debug Multithreaded|Mixed Platforms = Debug Multithreaded|Mixed Platforms
		Debug Multithreaded|Win32 = Debug Multithreaded|Win32
		Debug Multithreaded|x64 = Debug Multithreaded|x64
		Debug Singlethreaded|Any CPU = Debug Singlethreaded|Any CPU
		Debug Singlethreaded|Mixed Platforms = Debug Singlethreaded|Mixed Platforms
		Debug Singlethreaded|Win32 = Debug Singlethreaded|Win32
		Debug Singlethreaded|x64 = Debug Singlethreaded|x64
		Debug|Any CPU = Debug|Any CPU
		Debug|Mixed Platforms = Debug|Mixed Platforms
		Debug|Win32 = Debug|Win32
		Debug|x64 = Debug|x64
		Release Multithreaded|Any CPU = Release Multithreaded|Any CPU
		Release Multithreaded|Mixed Platforms = Release Multithreaded|Mixed Platforms
		Release Multithreaded|Win32 = Release Multithreaded|Win32
		Release Multithreaded|x64 = Release Multithreaded|x64
		Release Singlethreaded|Any CPU = Release Singlethreaded|Any CPU
		Release Singlethreaded|Mixed Platforms = Release Singlethreaded|Mixed Platforms
		Release Singlethreaded|Win32 = Release Singlethreaded|Win32
		Release Singlethreaded|x64 = Release Singlethreaded|x64
		Release|Any CPU = Release|Any CPU
		Release|Mixed Platforms = Release|Mixed Platforms
		Release|Win32 = Release|Win32
		Release|x64 = Release|x64
	EndGlobalSection
	GlobalSection(ProjectConfigurationPlatforms) = postSolution
		{2505ED70-CC0F-4427-A2C6-26F11F925E13}.Debug Multithreaded|Any CPU.ActiveCfg = Debug|Win32
		{2505ED70-CC0F-4427-A2C6-26F11F925E13}.Debug Multithreaded|Mixed Platforms.ActiveCfg = Debug|Win32
		{2505ED70-CC0F-4427-A2C6-26F11F925E13}.Debug Multithreaded|Mixed Platforms.Build.0 = Debug|Win32
		{2505ED70-CC0F-4427-A2C6-26F11F925E13}.Debug Multithreaded|Win32.ActiveCfg = Debug|Win32
		{2505ED70-CC0F-4427-A2C6-26F11F925E13}.Debug Multithreaded|Win32.Build.0 = Debug|Win32
		{2505ED70-CC0F-4427-A2C6-26F11F925E13}.Debug Multithreaded|x64.ActiveCfg = Debug|Win32
		{2505ED70-CC0F-4427-A2C6-26F11F925E13}.Debug Singlethreaded|Any CPU.ActiveCfg = Debug|Win32
		{2505ED70-CC0F-4427-A2C6-26F11F925E13}.Debug Singlethreaded|Mixed Platforms.ActiveCfg = Debug|Win32
		{2505ED70-CC0F-4427-A2C6-26F11F925E13}.Debug Singlethreaded|Mixed Platforms.Build.0 = Debug|Win32
		{2505ED70-CC0F-4427-A2C6-26F11F925E13}.Debug Singlethreaded|Win32.ActiveCfg = Debug|Win32
		{2505ED70-CC0F-4427-A2C6-26F11F925E13}.Debug Singlethreaded|Win32.Build.0 = Debug|Win32
		{2505ED70-CC0F-4427-A2C6-26F11F925E13}.Debug Singlethreaded|x64.ActiveCfg = Debug|Win32
		{2505ED70-CC0F-4427-A2C6-26F11F925E13}.Debug|Any CPU.ActiveCfg = Debug|Win32
		{2505ED70-CC0F-4427-A2C6-26F11F925E13}.Debug|Mixed Platforms.ActiveCfg = Debug|Win32
		{2505ED70-CC0F-4427-A2C6-26F11F925E13}.Debug|Mixed Platforms.Build.0 = Debug|Win32
		{2505ED70-CC0F-4427-A2C6-26F11F925E13}.Debug|Win32.ActiveCfg = Debug|Win32
		{2505ED70-CC0F-4427-A2C6-26F11F925E13}.Debug|Win32.Build.0 = Debug|Win32
		{2505ED70-CC0F-4427-A2C6-26F11F925E13}.Debug|x64.ActiveCfg = Debug|Win32
		{2505ED70-CC0F-4427-A2C6-26F11F925E13}.Release Multithreaded|Any CPU.ActiveCfg = Release|Win32
		{2505ED70-CC0F-4427-A2C6-26F11F925E13}.Release Multithreaded|Mixed Platforms.ActiveCfg = Release|Win32
		{2505ED70-CC0F-4427-A2C6-26F11F925E13}.Release Multithreaded|Mixed Platforms.Build.0 = Release|Win32
		{2505ED70-CC0F-4427-A2C6-26F11F925E13}.Release Multithreaded|Win32.ActiveCfg = Release|Win32
		{2505ED70-CC0F-4427-A2C6-26F11F925E13}.Release Multithreaded|Win32.Build.0 = Release|Win32
		{2505ED70-CC0F-4427-A2C6-26F11F925E13}.Release Multithreaded|x64.ActiveCfg = Release|Win32
		{2505ED70-CC0F-4427-A2C6-26F11F925E13}.Release Singlethreaded|Any CPU.ActiveCfg = Release|Win32
		{2505ED70-CC0F-4427-A2C6-26F11F925E13}.Release Singlethreaded|Mixed Platforms.ActiveCfg = Release|Win32
		{2505ED70-CC0F-4427-A2C6-26F11F925E13}.Release Singlethreaded|Mixed Platforms.Build.0 = Release|Win32
		{2505ED70-CC0F-4427-A2C6-26F11F925E13}.Release Singlethreaded|Win32.ActiveCfg = Release|Win32
		{2505ED70-CC0F-4427-A2C6-26F11F925E13}.Release Singlethreaded|Win32.Build.0 = Release|Win32
		{2505ED70-CC0F-4427-A2C6-26F11F925E13}.Release Singlethreaded|x64.ActiveCfg = Release|Win32
		{2505ED70-CC0F-4427-A2C6-26F11F925E13}.Release|Any CPU.ActiveCfg = Release|Win32
		{2505ED70-CC0F-4427-A2C6-26F11F925E13}.Release|Mixed Platforms.ActiveCfg = Release|Win32
		{2505ED70-CC0F-4427-A2C6-26F11F925E13}.Release|Mixed Platforms.Build.0 = Release|Win32
		{2505ED70-CC0F-4427-A2C6-26F11F925E13}.Release|Win32.ActiveCfg = Release|Win32
		{2505ED70-CC0F-4427-A2C6-26F11F925E13}.Release|Win32.Build.0 = Release|Win32
		{2505ED70-CC0F-4427-A2C6-26F11F925E13}.Release|Win32.Deploy.0 = Release|Win32
		{2505ED70-CC0F-4427-A2C6-26F11F925E13}.Release|x64.ActiveCfg = Release|Win32
		{9819B4D5-2F85-4349-8159-E3A64CF97DC1}.Debug Multithreaded|Any CPU.ActiveCfg = Debug|Win32
		{9819B4D5-2F85-4349-8159-E3A64CF97DC1}.Debug Multithreaded|Mixed Platforms.ActiveCfg = Debug|Win32
		{9819B4D5-2F85-4349-8159-E3A64CF97DC1}.Debug Multithreaded|Mixed Platforms.Build.0 = Debug|Win32
		{9819B4D5-2F85-4349-8159-E3A64CF97DC1}.Debug Multithreaded|Win32.ActiveCfg = Debug|Win32
		{9819B4D5-2F85-4349-8159-E3A64CF97DC1}.Debug Multithreaded|Win32.Build.0 = Debug|Win32
		{9819B4D5-2F85-4349-8159-E3A64CF97DC1}.Debug Multithreaded|x64.ActiveCfg = Debug|x64
		{9819B4D5-2F85-4349-8159-E3A64CF97DC1}.Debug Multithreaded|x64.Build.0 = Debug|x64
		{9819B4D5-2F85-4349-8159-E3A64CF97DC1}.Debug Singlethreaded|Any CPU.ActiveCfg = Debug|Win32
		{9819B4D5-2F85-4349-8159-E3A64CF97DC1}.Debug Singlethreaded|Mixed Platforms.ActiveCfg = Debug|Win32
		{9819B4D5-2F85-4349-8159-E3A64CF97DC1}.Debug Singlethreaded|Mixed Platforms.Build.0 = Debug|Win32
		{9819B4D5-2F85-4349-8159-E3A64CF97DC1}.Debug Singlethreaded|Win32.ActiveCfg = Debug|Win32
		{9819B4D5-2F85-4349-8159-E3A64CF97DC1}.Debug Singlethreaded|Win32.Build.0 = Debug|Win32
		{9819B4D5-2F85-4349-8159-E3A64CF97DC1}.Debug Singlethreaded|x64.ActiveCfg = Debug|x64
		{9819B4D5-2F85-4349-8159-E3A64CF97DC1}.Debug Singlethreaded|x64.Build.0 = Debug|x64
		{9819B4D5-2F85-4349-8159-E3A64CF97DC1}.Debug|Any CPU.ActiveCfg = Debug|Win32
		{9819B4D5-2F85-4349-8159-E3A64CF97DC1}.Debug|Mixed Platforms.ActiveCfg = Debug|Win32
		{9819B4D5-2F85-4349-8159-E3A64CF97DC1}.Debug|Mixed Platforms.Build.0 = Debug|Win32
		{9819B4D5-2F85-4349-8159-E3A64CF97DC1}.Debug|Win32.ActiveCfg = Debug|Win32
		{9819B4D5-2F85-4349-8159-E3A64CF97DC1}.Debug|Win32.Build.0 = Debug|Win32
		{9819B4D5-2F85-4349-8159-E3A64CF97DC1}.Debug|x64.ActiveCfg = Debug|x64
		{9819B4D5-2F85-4349-8159-E3A64CF97DC1}.Debug|x64.Build.0 = Debug|x64
		{9819B4D5-2F85-4349-8159-E3A64CF97DC1}.Release Multithreaded|Any CPU.ActiveCfg = Release|Win32
		{9819B4D5-2F85-4349-8159-E3A64CF97DC1}.Release Multithreaded|Mixed Platforms.ActiveCfg = Release|Win32
		{9819B4D5-2F85-4349-8159-E3A64CF97DC1}.Release Multithreaded|Mixed Platforms.Build.0 = Release|Win32
		{9819B4D5-2F85-4349-8159-E3A64CF97DC1}.Release Multithreaded|Win32.ActiveCfg = Release|Win32
		{9819B4D5-2F85-4349-8159-E3A64CF97DC1}.Release Multithreaded|Win32.Build.0 = Release|Win32
		{9819B4D5-2F85-4349-8159-E3A64CF97DC1}.Release Multithreaded|x64.ActiveCfg = Release|x64
		{9819B4D5-2F85-4349-8159-E3A64CF97DC1}.Release Multithreaded|x64.Build.0 = Release|x64
		{9819B4D5-2F85-4349-8159-E3A64CF97DC1}.Release Singlethreaded|Any CPU.ActiveCfg = Release|Win32
		{9819B4D5-2F85-4349-8159-E3A64CF97DC1}.Release Singlethreaded|Mixed Platforms.ActiveCfg = Release|Win32
		{9819B4D5-2F85-4349-8159-E3A64CF97DC1}.Release Singlethreaded|Mixed Platforms.Build.0 = Release|Win32
		{9819B4D5-2F85-4349-8159-E3A64CF97DC1}.Release Singlethreaded|Win32.ActiveCfg = Release|Win32
		{9819B4D5-2F85-4349-8159-E3A64CF97DC1}.Release Singlethreaded|Win32.Build.0 = Release|Win32
		{9819B4D5-2F85-4349-8159-E3A64CF97DC1}.Release Singlethreaded|x64.ActiveCfg = Release|x64
		{9819B4D5-2F85-4349-8159-E3A64CF97DC1}.Release Singlethreaded|x64.Build.0 = Release|x64
		{9819B4D5-2F85-4349-8159-E3A64CF97DC1}.Release|Any CPU.ActiveCfg = Release|Win32
		{9819B4D5-2F85-4349-8159-E3A64CF97DC1}.Release|Mixed Platforms.ActiveCfg = Release|Win32
		{9819B4D5-2F85-4349-8159-E3A64CF97DC1}.Release|Mixed Platforms.Build.0 = Release|Win32
		{9819B4D5-2F85-4349-8159-E3A64CF97DC1}.Release|Win32.ActiveCfg = Release|Win32
		{9819B4D5-2F85-4349-8159-E3A64CF97DC1}.Release|Win32.Build.0 = Release|Win32
		{9819B4D5-2F85-4349-8159-E3A64CF97DC1}.Release|x64.ActiveCfg = Release|x64
		{9819B4D5-2F85-4349-8159-E3A64CF97DC1}.Release|x64.Build.0 = Release|x64
		{81CE8DAF-EBB2-4761-8E45-B71ABCCA8C68}.Debug Multithreaded|Any CPU.ActiveCfg = Debug|Win32
		{81CE8DAF-EBB2-4761-8E45-B71ABCCA8C68}.Debug Multithreaded|Mixed Platforms.ActiveCfg = Debug|Win32
		{81CE8DAF-EBB2-4761-8E45-B71ABCCA8C68}.Debug Multithreaded|Mixed Platforms.Build.0 = Debug|Win32
		{81CE8DAF-EBB2-4761-8E45-B71ABCCA8C68}.Debug Multithreaded|Win32.ActiveCfg = Debug|Win32
		{81CE8DAF-EBB2-4761-8E45-B71ABCCA8C68}.Debug Multithreaded|Win32.Build.0 = Debug|Win32
		{81CE8DAF-EBB2-4761-8E45-B71ABCCA8C68}.Debug Multithreaded|x64.ActiveCfg = Debug|x64
		{81CE8DAF-EBB2-4761-8E45-B71ABCCA8C68}.Debug Multithreaded|x64.Build.0 = Debug|x64
		{81CE8DAF-EBB2-4761-8E45-B71ABCCA8C68}.Debug Singlethreaded|Any CPU.ActiveCfg = Debug|Win32
		{81CE8DAF-EBB2-4761-8E45-B71ABCCA8C68}.Debug Singlethreaded|Mixed Platforms.ActiveCfg = Debug|Win32
		{81CE8DAF-EBB2-4761-8E45-B71ABCCA8C68}.Debug Singlethreaded|Mixed Platforms.Build.0 = Debug|Win32
		{81CE8DAF-EBB2-4761-8E45-B71ABCCA8C68}.Debug Singlethreaded|Win32.ActiveCfg = Debug|Win32
		{81CE8DAF-EBB2-4761-8E45-B71ABCCA8C68}.Debug Singlethreaded|Win32.Build.0 = Debug|Win32
		{81CE8DAF-EBB2-4761-8E45-B71ABCCA8C68}.Debug Singlethreaded|x64.ActiveCfg = Debug|x64
		{81CE8DAF-EBB2-4761-8E45-B71ABCCA8C68}.Debug Singlethreaded|x64.Build.0 = Debug|x64
		{81CE8DAF-EBB2-4761-8E45-B71ABCCA8C68}.Debug|Any CPU.ActiveCfg = Debug|Win32
		{81CE8DAF-EBB2-4761-8E45-B71ABCCA8C68}.Debug|Mixed Platforms.ActiveCfg = Debug|Win32
		{81CE8DAF-EBB2-4761-8E45-B71ABCCA8C68}.Debug|Mixed Platforms.Build.0 = Debug|Win32
		{81CE8DAF-EBB2-4761-8E45-B71ABCCA8C68}.Debug|Win32.ActiveCfg = Debug|Win32
		{81CE8DAF-EBB2-4761-8E45-B71ABCCA8C68}.Debug|Win32.Build.0 = Debug|Win32
		{81CE8DAF-EBB2-4761-8E45-B71ABCCA8C68}.Debug|x64.ActiveCfg = Debug|x64
		{81CE8DAF-EBB2-4761-8E45-B71ABCCA8C68}.Debug|x64.Build.0 = Debug|x64
		{81CE8DAF-EBB2-4761-8E45-B71ABCCA8C68}.Release Multithreaded|Any CPU.ActiveCfg = Release|Win32
		{81CE8DAF-EBB2-4761-8E45-B71ABCCA8C68}.Release Multithreaded|Mixed Platforms.ActiveCfg = Release|Win32
		{81CE8DAF-EBB2-4761-8E45-B71ABCCA8C68}.Release Multithreaded|Mixed Platforms.Build.0 = Release|Win32
		{81CE8DAF-EBB2-4761-8E45-B71ABCCA8C68}.Release Multithreaded|Win32.ActiveCfg = Release|Win32
		{81CE8DAF-EBB2-4761-8E45-B71ABCCA8C68}.Release Multithreaded|Win32.Build.0 = Release|Win32
		{81CE8DAF-EBB2-4761-8E45-B71ABCCA8C68}.Release Multithreaded|x64.ActiveCfg = Release|x64
		{81CE8DAF-EBB2-4761-8E45-B71ABCCA8C68}.Release Multithreaded|x64.Build.0 = Release|x64
		{81CE8DAF-EBB2-4761-8E45-B71ABCCA8C68}.Release Singlethreaded|Any CPU.ActiveCfg = Release|Win32
		{81CE8DAF-EBB2-4761-8E45-B71ABCCA8C68}.Release Singlethreaded|Mixed Platforms.ActiveCfg = Release|Win32
		{81CE8DAF-EBB2-4761-8E45-B71ABCCA8C68}.Release Singlethreaded|Mixed Platforms.Build.0 = Release|Win32
		{81CE8DAF-EBB2-4761-8E45-B71ABCCA8C68}.Release Singlethreaded|Win32.ActiveCfg = Release|Win32
		{81CE8DAF-EBB2-4761-8E45-B71ABCCA8C68}.Release Singlethreaded|Win32.Build.0 = Release|Win32
		{81CE8DAF-EBB2-4761-8E45-B71ABCCA8C68}.Release Singlethreaded|x64.ActiveCfg = Release|x64
		{81CE8DAF-EBB2-4761-8E45-B71ABCCA8C68}.Release Singlethreaded|x64.Build.0 = Release|x64
		{81CE8DAF-EBB2-4761-8E45-B71ABCCA8C68}.Release|Any CPU.ActiveCfg = Release|Win32
		{81CE8DAF-EBB2-4761-8E45-B71ABCCA8C68}.Release|Mixed Platforms.ActiveCfg = Release|Win32
		{81CE8DAF-EBB2-4761-8E45-B71ABCCA8C68}.Release|Mixed Platforms.Build.0 = Release|Win32
		{81CE8DAF-EBB2-4761-8E45-B71ABCCA8C68}.Release|Win32.ActiveCfg = Release|Win32
		{81CE8DAF-EBB2-4761-8E45-B71ABCCA8C68}.Release|Win32.Build.0 = Release|Win32
		{81CE8DAF-EBB2-4761-8E45-B71ABCCA8C68}.Release|x64.ActiveCfg = Release|x64
		{81CE8DAF-EBB2-4761-8E45-B71ABCCA8C68}.Release|x64.Build.0 = Release|x64
		{DA956FD3-E142-46F2-9DD5-C78BEBB56B7A}.Debug Multithreaded|Any CPU.ActiveCfg = Debug|Win32
		{DA956FD3-E142-46F2-9DD5-C78BEBB56B7A}.Debug Multithreaded|Mixed Platforms.ActiveCfg = Debug|Win32
		{DA956FD3-E142-46F2-9DD5-C78BEBB56B7A}.Debug Multithreaded|Mixed Platforms.Build.0 = Debug|Win32
		{DA956FD3-E142-46F2-9DD5-C78BEBB56B7A}.Debug Multithreaded|Win32.ActiveCfg = Debug|Win32
		{DA956FD3-E142-46F2-9DD5-C78BEBB56B7A}.Debug Multithreaded|Win32.Build.0 = Debug|Win32
		{DA956FD3-E142-46F2-9DD5-C78BEBB56B7A}.Debug Multithreaded|x64.ActiveCfg = Debug|x64
		{DA956FD3-E142-46F2-9DD5-C78BEBB56B7A}.Debug Multithreaded|x64.Build.0 = Debug|x64
		{DA956FD3-E142-46F2-9DD5-C78BEBB56B7A}.Debug Singlethreaded|Any CPU.ActiveCfg = Debug|Win32
		{DA956FD3-E142-46F2-9DD5-C78BEBB56B7A}.Debug Singlethreaded|Mixed Platforms.ActiveCfg = Debug|Win32
		{DA956FD3-E142-46F2-9DD5-C78BEBB56B7A}.Debug Singlethreaded|Mixed Platforms.Build.0 = Debug|Win32
		{DA956FD3-E142-46F2-9DD5-C78BEBB56B7A}.Debug Singlethreaded|Win32.ActiveCfg = Debug|Win32
		{DA956FD3-E142-46F2-9DD5-C78BEBB56B7A}.Debug Singlethreaded|Win32.Build.0 = Debug|Win32
		{DA956FD3-E142-46F2-9DD5-C78BEBB56B7A}.Debug Singlethreaded|x64.ActiveCfg = Debug|x64
		{DA956FD3-E142-46F2-9DD5-C78BEBB56B7A}.Debug Singlethreaded|x64.Build.0 = Debug|x64
		{DA956FD3-E142-46F2-9DD5-C78BEBB56B7A}.Debug|Any CPU.ActiveCfg = Debug|Win32
		{DA956FD3-E142-46F2-9DD5-C78BEBB56B7A}.Debug|Mixed Platforms.ActiveCfg = Debug|Win32
		{DA956FD3-E142-46F2-9DD5-C78BEBB56B7A}.Debug|Mixed Platforms.Build.0 = Debug|Win32
		{DA956FD3-E142-46F2-9DD5-C78BEBB56B7A}.Debug|Win32.ActiveCfg = Debug|Win32
		{DA956FD3-E142-46F2-9DD5-C78BEBB56B7A}.Debug|Win32.Build.0 = Debug|Win32
		{DA956FD3-E142-46F2-9DD5-C78BEBB56B7A}.Debug|x64.ActiveCfg = Debug|x64
		{DA956FD3-E142-46F2-9DD5-C78BEBB56B7A}.Debug|x64.Build.0 = Debug|x64
		{DA956FD3-E142-46F2-9DD5-C78BEBB56B7A}.Release Multithreaded|Any CPU.ActiveCfg = Release|Win32
		{DA956FD3-E142-46F2-9DD5-C78BEBB56B7A}.Release Multithreaded|Mixed Platforms.ActiveCfg = Release|Win32
		{DA956FD3-E142-46F2-9DD5-C78BEBB56B7A}.Release Multithreaded|Mixed Platforms.Build.0 = Release|Win32
		{DA956FD3-E142-46F2-9DD5-C78BEBB56B7A}.Release Multithreaded|Win32.ActiveCfg = Release|Win32
		{DA956FD3-E142-46F2-9DD5-C78BEBB56B7A}.Release Multithreaded|Win32.Build.0 = Release|Win32
		{DA956FD3-E142-46F2-9DD5-C78BEBB56B7A}.Release Multithreaded|x64.ActiveCfg = Release|x64
		{DA956FD3-E142-46F2-9DD5-C78BEBB56B7A}.Release Multithreaded|x64.Build.0 = Release|x64
		{DA956FD3-E142-46F2-9DD5-C78BEBB56B7A}.Release Singlethreaded|Any CPU.ActiveCfg = Release|Win32
		{DA956FD3-E142-46F2-9DD5-C78BEBB56B7A}.Release Singlethreaded|Mixed Platforms.ActiveCfg = Release|Win32
		{DA956FD3-E142-46F2-9DD5-C78BEBB56B7A}.Release Singlethreaded|Mixed Platforms.Build.0 = Release|Win32
		{DA956FD3-E142-46F2-9DD5-C78BEBB56B7A}.Release Singlethreaded|Win32.ActiveCfg = Release|Win32
		{DA956FD3-E142-46F2-9DD5-C78BEBB56B7A}.Release Singlethreaded|Win32.Build.0 = Release|Win32
		{DA956FD3-E142-46F2-9DD5-C78BEBB56B7A}.Release Singlethreaded|x64.ActiveCfg = Release|x64
		{DA956FD3-E142-46F2-9DD5-C78BEBB56B7A}.Release Singlethreaded|x64.Build.0 = Release|x64
		{DA956FD3-E142-46F2-9DD5-C78BEBB56B7A}.Release|Any CPU.ActiveCfg = Release|Win32
		{DA956FD3-E142-46F2-9DD5-C78BEBB56B7A}.Release|Mixed Platforms.ActiveCfg = Release|Win32
		{DA956FD3-E142-46F2-9DD5-C78BEBB56B7A}.Release|Mixed Platforms.Build.0 = Release|Win32
		{DA956FD3-E142-46F2-9DD5-C78BEBB56B7A}.Release|Win32.ActiveCfg = Release|Win32
		{DA956FD3-E142-46F2-9DD5-C78BEBB56B7A}.Release|Win32.Build.0 = Release|Win32
		{DA956FD3-E142-46F2-9DD5-C78BEBB56B7A}.Release|x64.ActiveCfg = Release|x64
		{DA956FD3-E142-46F2-9DD5-C78BEBB56B7A}.Release|x64.Build.0 = Release|x64
		{DDDBD07D-DC76-4AF6-8D02-3E2DEB6EE255}.Debug Multithreaded|Any CPU.ActiveCfg = Debug|Win32
		{DDDBD07D-DC76-4AF6-8D02-3E2DEB6EE255}.Debug Multithreaded|Mixed Platforms.ActiveCfg = Debug|Win32
		{DDDBD07D-DC76-4AF6-8D02-3E2DEB6EE255}.Debug Multithreaded|Mixed Platforms.Build.0 = Debug|Win32
		{DDDBD07D-DC76-4AF6-8D02-3E2DEB6EE255}.Debug Multithreaded|Win32.ActiveCfg = Debug|Win32
		{DDDBD07D-DC76-4AF6-8D02-3E2DEB6EE255}.Debug Multithreaded|Win32.Build.0 = Debug|Win32
		{DDDBD07D-DC76-4AF6-8D02-3E2DEB6EE255}.Debug Multithreaded|x64.ActiveCfg = Debug|x64
		{DDDBD07D-DC76-4AF6-8D02-3E2DEB6EE255}.Debug Multithreaded|x64.Build.0 = Debug|x64
		{DDDBD07D-DC76-4AF6-8D02-3E2DEB6EE255}.Debug Singlethreaded|Any CPU.ActiveCfg = Debug|Win32
		{DDDBD07D-DC76-4AF6-8D02-3E2DEB6EE255}.Debug Singlethreaded|Mixed Platforms.ActiveCfg = Debug|Win32
		{DDDBD07D-DC76-4AF6-8D02-3E2DEB6EE255}.Debug Singlethreaded|Mixed Platforms.Build.0 = Debug|Win32
		{DDDBD07D-DC76-4AF6-8D02-3E2DEB6EE255}.Debug Singlethreaded|Win32.ActiveCfg = Debug|Win32
		{DDDBD07D-DC76-4AF6-8D02-3E2DEB6EE255}.Debug Singlethreaded|Win32.Build.0 = Debug|Win32
		{DDDBD07D-DC76-4AF6-8D02-3E2DEB6EE255}.Debug Singlethreaded|x64.ActiveCfg = Debug|x64
		{DDDBD07D-DC76-4AF6-8D02-3E2DEB6EE255}.Debug Singlethreaded|x64.Build.0 = Debug|x64
		{DDDBD07D-DC76-4AF6-8D02-3E2DEB6EE255}.Debug|Any CPU.ActiveCfg = Debug|Win32
		{DDDBD07D-DC76-4AF6-8D02-3E2DEB6EE255}.Debug|Mixed Platforms.ActiveCfg = Debug|Win32
		{DDDBD07D-DC76-4AF6-8D02-3E2DEB6EE255}.Debug|Mixed Platforms.Build.0 = Debug|Win32
		{DDDBD07D-DC76-4AF6-8D02-3E2DEB6EE255}.Debug|Win32.ActiveCfg = Debug|Win32
		{DDDBD07D-DC76-4AF6-8D02-3E2DEB6EE255}.Debug|Win32.Build.0 = Debug|Win32
		{DDDBD07D-DC76-4AF6-8D02-3E2DEB6EE255}.Debug|x64.ActiveCfg = Debug|x64
		{DDDBD07D-DC76-4AF6-8D02-3E2DEB6EE255}.Debug|x64.Build.0 = Debug|x64
		{DDDBD07D-DC76-4AF6-8D02-3E2DEB6EE255}.Release Multithreaded|Any CPU.ActiveCfg = Release|Win32
		{DDDBD07D-DC76-4AF6-8D02-3E2DEB6EE255}.Release Multithreaded|Mixed Platforms.ActiveCfg = Release|Win32
		{DDDBD07D-DC76-4AF6-8D02-3E2DEB6EE255}.Release Multithreaded|Mixed Platforms.Build.0 = Release|Win32
		{DDDBD07D-DC76-4AF6-8D02-3E2DEB6EE255}.Release Multithreaded|Win32.ActiveCfg = Release|Win32
		{DDDBD07D-DC76-4AF6-8D02-3E2DEB6EE255}.Release Multithreaded|Win32.Build.0 = Release|Win32
		{DDDBD07D-DC76-4AF6-8D02-3E2DEB6EE255}.Release Multithreaded|x64.ActiveCfg = Release|x64
		{DDDBD07D-DC76-4AF6-8D02-3E2DEB6EE255}.Release Multithreaded|x64.Build.0 = Release|x64
		{DDDBD07D-DC76-4AF6-8D02-3E2DEB6EE255}.Release Singlethreaded|Any CPU.ActiveCfg = Release|Win32
		{DDDBD07D-DC76-4AF6-8D02-3E2DEB6EE255}.Release Singlethreaded|Mixed Platforms.ActiveCfg = Release|Win32
		{DDDBD07D-DC76-4AF6-8D02-3E2DEB6EE255}.Release Singlethreaded|Mixed Platforms.Build.0 = Release|Win32
		{DDDBD07D-DC76-4AF6-8D02-3E2DEB6EE255}.Release Singlethreaded|Win32.ActiveCfg = Release|Win32
		{DDDBD07D-DC76-4AF6-8D02-3E2DEB6EE255}.Release Singlethreaded|Win32.Build.0 = Release|Win32
		{DDDBD07D-DC76-4AF6-8D02-3E2DEB6EE255}.Release Singlethreaded|x64.ActiveCfg = Release|x64
		{DDDBD07D-DC76-4AF6-8D02-3E2DEB6EE255}.Release Singlethreaded|x64.Build.0 = Release|x64
		{DDDBD07D-DC76-4AF6-8D02-3E2DEB6EE255}.Release|Any CPU.ActiveCfg = Release|Win32
		{DDDBD07D-DC76-4AF6-8D02-3E2DEB6EE255}.Release|Mixed Platforms.ActiveCfg = Release|Win32
		{DDDBD07D-DC76-4AF6-8D02-3E2DEB6EE255}.Release|Mixed Platforms.Build.0 = Release|Win32
		{DDDBD07D-DC76-4AF6-8D02-3E2DEB6EE255}.Release|Win32.ActiveCfg = Release|Win32
		{DDDBD07D-DC76-4AF6-8D02-3E2DEB6EE255}.Release|Win32.Build.0 = Release|Win32
		{DDDBD07D-DC76-4AF6-8D02-3E2DEB6EE255}.Release|x64.ActiveCfg = Release|x64
		{DDDBD07D-DC76-4AF6-8D02-3E2DEB6EE255}.Release|x64.Build.0 = Release|x64
	EndGlobalSection
	GlobalSection(SolutionProperties) = preSolution
		HideSolutionNode = FALSE
	EndGlobalSection
EndGlobal
